
Microsoft Visual Studio Solution File, Format Version 12.00
# Visual Studio Version 17
VisualStudioVersion = 17.9.34714.143
MinimumVisualStudioVersion = 10.0.40219.1
Project("{FAE04EC0-301F-11D3-BF4B-00C04F79EFBC}") = "SvarosNamai.Service.ProductAPI", "SvarosNamai\SvarosNamai.Service.ProductAPI.csproj", "{C8FF6496-88C2-4356-BEFA-AC09E2C5662D}"
EndProject
Project("{2150E333-8FDC-42A3-9474-1A3956D46DE8}") = "Service", "Service", "{6A98737F-0E44-47FA-914C-2557199C4ED0}"
EndProject
Global
	GlobalSection(SolutionConfigurationPlatforms) = preSolution
		Debug|Any CPU = Debug|Any CPU
		Release|Any CPU = Release|Any CPU
	EndGlobalSection
	GlobalSection(ProjectConfigurationPlatforms) = postSolution
		{C8FF6496-88C2-4356-BEFA-AC09E2C5662D}.Debug|Any CPU.ActiveCfg = Debug|Any CPU
		{C8FF6496-88C2-4356-BEFA-AC09E2C5662D}.Debug|Any CPU.Build.0 = Debug|Any CPU
		{C8FF6496-88C2-4356-BEFA-AC09E2C5662D}.Release|Any CPU.ActiveCfg = Release|Any CPU
		{C8FF6496-88C2-4356-BEFA-AC09E2C5662D}.Release|Any CPU.Build.0 = Release|Any CPU
	EndGlobalSection
	GlobalSection(SolutionProperties) = preSolution
		HideSolutionNode = FALSE
	EndGlobalSection
	GlobalSection(NestedProjects) = preSolution
		{C8FF6496-88C2-4356-BEFA-AC09E2C5662D} = {6A98737F-0E44-47FA-914C-2557199C4ED0}
	EndGlobalSection
	GlobalSection(ExtensibilityGlobals) = postSolution
		SolutionGuid = {78930FA8-168B-485A-8CE5-0AAB4A546D1C}
	EndGlobalSection
EndGlobal
